{
<<<<<<< HEAD
<<<<<<< HEAD
=======
>>>>>>> e9a4e820fc934be7082092e64df33283ff9911c5
  "requires": true,
  "lockfileVersion": 1,
  "dependencies": {
    "toastify-js": {
      "version": "1.11.1",
      "resolved": "https://registry.npmjs.org/toastify-js/-/toastify-js-1.11.1.tgz",
      "integrity": "sha512-O1UR06KEhFY9Vu2iKltgOE62+Vq/5iU7AOktouFkEegEisrqtNhEri9RpSd6u6wyPsd4Ae9RT1io3uwkMAlLVQ=="
    }
  }
<<<<<<< HEAD
=======
  "lockfileVersion": 1
>>>>>>> 9a93dc91c10f7fbbcaabe0eeb68fe29917c93741
=======
>>>>>>> e9a4e820fc934be7082092e64df33283ff9911c5
}
