{
  "requires": true,
  "lockfileVersion": 1,
  "dependencies": {
    "lodash": {
      "version": "4.17.21",
      "resolved": "https://registry.npmjs.org/lodash/-/lodash-4.17.21.tgz",
      "integrity": "sha512-v2kDEe57lecTulaDIuNTPy3Ry4gLGJ6Z1O3vE1krgXZNrsQ+LFTGHVxVjcXPs17LhbZVGedAJv8XZ1tvj5FvSg=="
    },
    "react-chartjs-2": {
      "version": "3.0.4",
      "resolved": "https://registry.npmjs.org/react-chartjs-2/-/react-chartjs-2-3.0.4.tgz",
      "integrity": "sha512-pcbFNpkPMTkGXXJ7k7hnukbRD0ZV01qB6JQY1ontITc2IYvhGlK6BBDy28VeydYs1Dl/c5ZpRgRVEtT5GUnxcQ==",
      "requires": {
        "lodash": "^4.17.19"
      }
    },
    "toastify-js": {
      "version": "1.11.1",
      "resolved": "https://registry.npmjs.org/toastify-js/-/toastify-js-1.11.1.tgz",
      "integrity": "sha512-O1UR06KEhFY9Vu2iKltgOE62+Vq/5iU7AOktouFkEegEisrqtNhEri9RpSd6u6wyPsd4Ae9RT1io3uwkMAlLVQ=="
    }
  }
}
